// !$*UTF8*$!
{
	archiveVersion = 1;
	classes = {
	};
	objectVersion = 50;
	objects = {

/* Begin PBXBuildFile section */
		1F5BE22905D786E77D560074 /* Pods_ImgurProject.framework in Frameworks */ = {isa = PBXBuildFile; fileRef = 6AA9B3E403B70CF725CE8017 /* Pods_ImgurProject.framework */; };
		20F05A2C2294FC5C0056CDA4 /* ImageLayout.swift in Sources */ = {isa = PBXBuildFile; fileRef = 20F05A2B2294FC5C0056CDA4 /* ImageLayout.swift */; };
		20F05A2F229502280056CDA4 /* ImageLayoutDelegate.swift in Sources */ = {isa = PBXBuildFile; fileRef = 20F05A2E229502280056CDA4 /* ImageLayoutDelegate.swift */; };
		3D3D35DC2297447800FA1FE4 /* ImgurInteractor.swift in Sources */ = {isa = PBXBuildFile; fileRef = 3D3D35DB2297447800FA1FE4 /* ImgurInteractor.swift */; };
		3D3D35DE2297491B00FA1FE4 /* ImgurProtocols.swift in Sources */ = {isa = PBXBuildFile; fileRef = 3D3D35DD2297491B00FA1FE4 /* ImgurProtocols.swift */; };
		3D3D35E02297579300FA1FE4 /* ImgurRouteWireFrame.swift in Sources */ = {isa = PBXBuildFile; fileRef = 3D3D35DF2297579300FA1FE4 /* ImgurRouteWireFrame.swift */; };
		3D3D35E222984D7100FA1FE4 /* ImgurFactory.swift in Sources */ = {isa = PBXBuildFile; fileRef = 3D3D35E122984D7100FA1FE4 /* ImgurFactory.swift */; };
		3D68B3662294981200216684 /* AppDelegate.swift in Sources */ = {isa = PBXBuildFile; fileRef = 3D68B3652294981200216684 /* AppDelegate.swift */; };
		3D68B3682294981200216684 /* ImgurViewController.swift in Sources */ = {isa = PBXBuildFile; fileRef = 3D68B3672294981200216684 /* ImgurViewController.swift */; };
		3D68B36B2294981200216684 /* Main.storyboard in Resources */ = {isa = PBXBuildFile; fileRef = 3D68B3692294981200216684 /* Main.storyboard */; };
		3D68B36D2294981400216684 /* Assets.xcassets in Resources */ = {isa = PBXBuildFile; fileRef = 3D68B36C2294981400216684 /* Assets.xcassets */; };
		3D68B3702294981400216684 /* LaunchScreen.storyboard in Resources */ = {isa = PBXBuildFile; fileRef = 3D68B36E2294981400216684 /* LaunchScreen.storyboard */; };
		3D68B37B2294981400216684 /* ImgurProjectTests.swift in Sources */ = {isa = PBXBuildFile; fileRef = 3D68B37A2294981400216684 /* ImgurProjectTests.swift */; };
		3D68B3862294981400216684 /* ImgurProjectUITests.swift in Sources */ = {isa = PBXBuildFile; fileRef = 3D68B3852294981400216684 /* ImgurProjectUITests.swift */; };
		3D68B3942294AA2700216684 /* ImgurCollectionViewCell.swift in Sources */ = {isa = PBXBuildFile; fileRef = 3D68B3932294AA2700216684 /* ImgurCollectionViewCell.swift */; };
		3D68B39E2295AE4D00216684 /* Result.swift in Sources */ = {isa = PBXBuildFile; fileRef = 3D68B39D2295AE4D00216684 /* Result.swift */; };
		3D68B3A02295AEA600216684 /* Imgur.swift in Sources */ = {isa = PBXBuildFile; fileRef = 3D68B39F2295AEA600216684 /* Imgur.swift */; };
		3D68B3A52295C85B00216684 /* ImageDetailViewController.swift in Sources */ = {isa = PBXBuildFile; fileRef = 3D68B3A42295C85B00216684 /* ImageDetailViewController.swift */; };
		3D68B3A82295CC0100216684 /* WebServiceManager.swift in Sources */ = {isa = PBXBuildFile; fileRef = 3D68B3A72295CC0100216684 /* WebServiceManager.swift */; };
		3D68B3AC2295E92000216684 /* Image.swift in Sources */ = {isa = PBXBuildFile; fileRef = 3D68B3AB2295E92000216684 /* Image.swift */; };
		3D68B3B22296EF2400216684 /* ImgurContract.swift in Sources */ = {isa = PBXBuildFile; fileRef = 3D68B3B12296EF2400216684 /* ImgurContract.swift */; };
		3D68B3B82296F33100216684 /* BasePresenterProtocol.swift in Sources */ = {isa = PBXBuildFile; fileRef = 3D68B3B72296F33100216684 /* BasePresenterProtocol.swift */; };
		3D68B3BA2296F35200216684 /* BaseViewController.swift in Sources */ = {isa = PBXBuildFile; fileRef = 3D68B3B92296F35200216684 /* BaseViewController.swift */; };
		3D68B3BC2296F41800216684 /* ImgurPresenter.swift in Sources */ = {isa = PBXBuildFile; fileRef = 3D68B3BB2296F41800216684 /* ImgurPresenter.swift */; };
		3DFEDA1D22984F5200DC1F26 /* ImageDetailPresenter.swift in Sources */ = {isa = PBXBuildFile; fileRef = 3DFEDA1C22984F5200DC1F26 /* ImageDetailPresenter.swift */; };
		3DFEDA1F22984FBB00DC1F26 /* ImgurDetailContract.swift in Sources */ = {isa = PBXBuildFile; fileRef = 3DFEDA1E22984FBB00DC1F26 /* ImgurDetailContract.swift */; };
		7551FD9DC66FB3F190A91736 /* Pods_ImgurProjectTests.framework in Frameworks */ = {isa = PBXBuildFile; fileRef = 9795E9342A7C93DFD99DB54E /* Pods_ImgurProjectTests.framework */; };
		F4428DBC3BA6C706B229A2E7 /* Pods_ImgurProjectUITests.framework in Frameworks */ = {isa = PBXBuildFile; fileRef = EE7939E801CFD1E153C6B2F7 /* Pods_ImgurProjectUITests.framework */; };
/* End PBXBuildFile section */

/* Begin PBXContainerItemProxy section */
		3D68B3772294981400216684 /* PBXContainerItemProxy */ = {
			isa = PBXContainerItemProxy;
			containerPortal = 3D68B35A2294981200216684 /* Project object */;
			proxyType = 1;
			remoteGlobalIDString = 3D68B3612294981200216684;
			remoteInfo = ImgurProject;
		};
		3D68B3822294981400216684 /* PBXContainerItemProxy */ = {
			isa = PBXContainerItemProxy;
			containerPortal = 3D68B35A2294981200216684 /* Project object */;
			proxyType = 1;
			remoteGlobalIDString = 3D68B3612294981200216684;
			remoteInfo = ImgurProject;
		};
/* End PBXContainerItemProxy section */

/* Begin PBXFileReference section */
		1782BA2E946123C95AAB610C /* Pods-ImgurProjectUITests.debug.xcconfig */ = {isa = PBXFileReference; includeInIndex = 1; lastKnownFileType = text.xcconfig; name = "Pods-ImgurProjectUITests.debug.xcconfig"; path = "Pods/Target Support Files/Pods-ImgurProjectUITests/Pods-ImgurProjectUITests.debug.xcconfig"; sourceTree = "<group>"; };
		20F05A2B2294FC5C0056CDA4 /* ImageLayout.swift */ = {isa = PBXFileReference; lastKnownFileType = sourcecode.swift; path = ImageLayout.swift; sourceTree = "<group>"; };
		20F05A2E229502280056CDA4 /* ImageLayoutDelegate.swift */ = {isa = PBXFileReference; lastKnownFileType = sourcecode.swift; path = ImageLayoutDelegate.swift; sourceTree = "<group>"; };
		3D3D35DB2297447800FA1FE4 /* ImgurInteractor.swift */ = {isa = PBXFileReference; lastKnownFileType = sourcecode.swift; path = ImgurInteractor.swift; sourceTree = "<group>"; };
		3D3D35DD2297491B00FA1FE4 /* ImgurProtocols.swift */ = {isa = PBXFileReference; lastKnownFileType = sourcecode.swift; path = ImgurProtocols.swift; sourceTree = "<group>"; };
		3D3D35DF2297579300FA1FE4 /* ImgurRouteWireFrame.swift */ = {isa = PBXFileReference; lastKnownFileType = sourcecode.swift; path = ImgurRouteWireFrame.swift; sourceTree = "<group>"; };
		3D3D35E122984D7100FA1FE4 /* ImgurFactory.swift */ = {isa = PBXFileReference; lastKnownFileType = sourcecode.swift; path = ImgurFactory.swift; sourceTree = "<group>"; };
		3D68B3622294981200216684 /* ImgurProject.app */ = {isa = PBXFileReference; explicitFileType = wrapper.application; includeInIndex = 0; path = ImgurProject.app; sourceTree = BUILT_PRODUCTS_DIR; };
		3D68B3652294981200216684 /* AppDelegate.swift */ = {isa = PBXFileReference; lastKnownFileType = sourcecode.swift; path = AppDelegate.swift; sourceTree = "<group>"; };
		3D68B3672294981200216684 /* ImgurViewController.swift */ = {isa = PBXFileReference; lastKnownFileType = sourcecode.swift; path = ImgurViewController.swift; sourceTree = "<group>"; };
		3D68B36A2294981200216684 /* Base */ = {isa = PBXFileReference; lastKnownFileType = file.storyboard; name = Base; path = Base.lproj/Main.storyboard; sourceTree = "<group>"; };
		3D68B36C2294981400216684 /* Assets.xcassets */ = {isa = PBXFileReference; lastKnownFileType = folder.assetcatalog; path = Assets.xcassets; sourceTree = "<group>"; };
		3D68B36F2294981400216684 /* Base */ = {isa = PBXFileReference; lastKnownFileType = file.storyboard; name = Base; path = Base.lproj/LaunchScreen.storyboard; sourceTree = "<group>"; };
		3D68B3712294981400216684 /* Info.plist */ = {isa = PBXFileReference; lastKnownFileType = text.plist.xml; path = Info.plist; sourceTree = "<group>"; };
		3D68B3762294981400216684 /* ImgurProjectTests.xctest */ = {isa = PBXFileReference; explicitFileType = wrapper.cfbundle; includeInIndex = 0; path = ImgurProjectTests.xctest; sourceTree = BUILT_PRODUCTS_DIR; };
		3D68B37A2294981400216684 /* ImgurProjectTests.swift */ = {isa = PBXFileReference; lastKnownFileType = sourcecode.swift; path = ImgurProjectTests.swift; sourceTree = "<group>"; };
		3D68B37C2294981400216684 /* Info.plist */ = {isa = PBXFileReference; lastKnownFileType = text.plist.xml; path = Info.plist; sourceTree = "<group>"; };
		3D68B3812294981400216684 /* ImgurProjectUITests.xctest */ = {isa = PBXFileReference; explicitFileType = wrapper.cfbundle; includeInIndex = 0; path = ImgurProjectUITests.xctest; sourceTree = BUILT_PRODUCTS_DIR; };
		3D68B3852294981400216684 /* ImgurProjectUITests.swift */ = {isa = PBXFileReference; lastKnownFileType = sourcecode.swift; path = ImgurProjectUITests.swift; sourceTree = "<group>"; };
		3D68B3872294981400216684 /* Info.plist */ = {isa = PBXFileReference; lastKnownFileType = text.plist.xml; path = Info.plist; sourceTree = "<group>"; };
		3D68B3932294AA2700216684 /* ImgurCollectionViewCell.swift */ = {isa = PBXFileReference; lastKnownFileType = sourcecode.swift; path = ImgurCollectionViewCell.swift; sourceTree = "<group>"; };
		3D68B39D2295AE4D00216684 /* Result.swift */ = {isa = PBXFileReference; lastKnownFileType = sourcecode.swift; path = Result.swift; sourceTree = "<group>"; };
		3D68B39F2295AEA600216684 /* Imgur.swift */ = {isa = PBXFileReference; lastKnownFileType = sourcecode.swift; path = Imgur.swift; sourceTree = "<group>"; };
		3D68B3A42295C85B00216684 /* ImageDetailViewController.swift */ = {isa = PBXFileReference; lastKnownFileType = sourcecode.swift; path = ImageDetailViewController.swift; sourceTree = "<group>"; };
		3D68B3A72295CC0100216684 /* WebServiceManager.swift */ = {isa = PBXFileReference; lastKnownFileType = sourcecode.swift; path = WebServiceManager.swift; sourceTree = "<group>"; };
		3D68B3AB2295E92000216684 /* Image.swift */ = {isa = PBXFileReference; fileEncoding = 4; lastKnownFileType = sourcecode.swift; path = Image.swift; sourceTree = "<group>"; };
		3D68B3B12296EF2400216684 /* ImgurContract.swift */ = {isa = PBXFileReference; lastKnownFileType = sourcecode.swift; path = ImgurContract.swift; sourceTree = "<group>"; };
		3D68B3B72296F33100216684 /* BasePresenterProtocol.swift */ = {isa = PBXFileReference; lastKnownFileType = sourcecode.swift; path = BasePresenterProtocol.swift; sourceTree = "<group>"; };
		3D68B3B92296F35200216684 /* BaseViewController.swift */ = {isa = PBXFileReference; lastKnownFileType = sourcecode.swift; path = BaseViewController.swift; sourceTree = "<group>"; };
		3D68B3BB2296F41800216684 /* ImgurPresenter.swift */ = {isa = PBXFileReference; lastKnownFileType = sourcecode.swift; path = ImgurPresenter.swift; sourceTree = "<group>"; };
		3DFEDA1C22984F5200DC1F26 /* ImageDetailPresenter.swift */ = {isa = PBXFileReference; lastKnownFileType = sourcecode.swift; path = ImageDetailPresenter.swift; sourceTree = "<group>"; };
		3DFEDA1E22984FBB00DC1F26 /* ImgurDetailContract.swift */ = {isa = PBXFileReference; lastKnownFileType = sourcecode.swift; path = ImgurDetailContract.swift; sourceTree = "<group>"; };
		53891E1DECC9214B4BEA3614 /* Pods-ImgurProjectTests.release.xcconfig */ = {isa = PBXFileReference; includeInIndex = 1; lastKnownFileType = text.xcconfig; name = "Pods-ImgurProjectTests.release.xcconfig"; path = "Pods/Target Support Files/Pods-ImgurProjectTests/Pods-ImgurProjectTests.release.xcconfig"; sourceTree = "<group>"; };
		6AA9B3E403B70CF725CE8017 /* Pods_ImgurProject.framework */ = {isa = PBXFileReference; explicitFileType = wrapper.framework; includeInIndex = 0; path = Pods_ImgurProject.framework; sourceTree = BUILT_PRODUCTS_DIR; };
		7D204839948328E601B2411F /* Pods-ImgurProject.debug.xcconfig */ = {isa = PBXFileReference; includeInIndex = 1; lastKnownFileType = text.xcconfig; name = "Pods-ImgurProject.debug.xcconfig"; path = "Pods/Target Support Files/Pods-ImgurProject/Pods-ImgurProject.debug.xcconfig"; sourceTree = "<group>"; };
		9795E9342A7C93DFD99DB54E /* Pods_ImgurProjectTests.framework */ = {isa = PBXFileReference; explicitFileType = wrapper.framework; includeInIndex = 0; path = Pods_ImgurProjectTests.framework; sourceTree = BUILT_PRODUCTS_DIR; };
		98153A988981CEB7E413B944 /* Pods-ImgurProjectUITests.release.xcconfig */ = {isa = PBXFileReference; includeInIndex = 1; lastKnownFileType = text.xcconfig; name = "Pods-ImgurProjectUITests.release.xcconfig"; path = "Pods/Target Support Files/Pods-ImgurProjectUITests/Pods-ImgurProjectUITests.release.xcconfig"; sourceTree = "<group>"; };
		C611EBDA2FC3D17B7AB9C59D /* Pods-ImgurProject.release.xcconfig */ = {isa = PBXFileReference; includeInIndex = 1; lastKnownFileType = text.xcconfig; name = "Pods-ImgurProject.release.xcconfig"; path = "Pods/Target Support Files/Pods-ImgurProject/Pods-ImgurProject.release.xcconfig"; sourceTree = "<group>"; };
		EE7939E801CFD1E153C6B2F7 /* Pods_ImgurProjectUITests.framework */ = {isa = PBXFileReference; explicitFileType = wrapper.framework; includeInIndex = 0; path = Pods_ImgurProjectUITests.framework; sourceTree = BUILT_PRODUCTS_DIR; };
		F8582476829D84272FB7A3EA /* Pods-ImgurProjectTests.debug.xcconfig */ = {isa = PBXFileReference; includeInIndex = 1; lastKnownFileType = text.xcconfig; name = "Pods-ImgurProjectTests.debug.xcconfig"; path = "Pods/Target Support Files/Pods-ImgurProjectTests/Pods-ImgurProjectTests.debug.xcconfig"; sourceTree = "<group>"; };
/* End PBXFileReference section */

/* Begin PBXFrameworksBuildPhase section */
		3D68B35F2294981200216684 /* Frameworks */ = {
			isa = PBXFrameworksBuildPhase;
			buildActionMask = 2147483647;
			files = (
				1F5BE22905D786E77D560074 /* Pods_ImgurProject.framework in Frameworks */,
			);
			runOnlyForDeploymentPostprocessing = 0;
		};
		3D68B3732294981400216684 /* Frameworks */ = {
			isa = PBXFrameworksBuildPhase;
			buildActionMask = 2147483647;
			files = (
				7551FD9DC66FB3F190A91736 /* Pods_ImgurProjectTests.framework in Frameworks */,
			);
			runOnlyForDeploymentPostprocessing = 0;
		};
		3D68B37E2294981400216684 /* Frameworks */ = {
			isa = PBXFrameworksBuildPhase;
			buildActionMask = 2147483647;
			files = (
				F4428DBC3BA6C706B229A2E7 /* Pods_ImgurProjectUITests.framework in Frameworks */,
			);
			runOnlyForDeploymentPostprocessing = 0;
		};
/* End PBXFrameworksBuildPhase section */

/* Begin PBXGroup section */
		20F05A2A2294FC250056CDA4 /* View */ = {
			isa = PBXGroup;
			children = (
				3D68B3A32295C83700216684 /* ViewController */,
				20F05A2B2294FC5C0056CDA4 /* ImageLayout.swift */,
				3D68B3932294AA2700216684 /* ImgurCollectionViewCell.swift */,
			);
			path = View;
			sourceTree = "<group>";
		};
		20F05A2D2295020D0056CDA4 /* Protocols */ = {
			isa = PBXGroup;
			children = (
				20F05A2E229502280056CDA4 /* ImageLayoutDelegate.swift */,
				3D68B3B12296EF2400216684 /* ImgurContract.swift */,
				3D68B3B72296F33100216684 /* BasePresenterProtocol.swift */,
				3D3D35DD2297491B00FA1FE4 /* ImgurProtocols.swift */,
				3DFEDA1E22984FBB00DC1F26 /* ImgurDetailContract.swift */,
			);
			path = Protocols;
			sourceTree = "<group>";
		};
		3D68B3592294981200216684 = {
			isa = PBXGroup;
			children = (
				3D68B3642294981200216684 /* ImgurProject */,
				3D68B3792294981400216684 /* ImgurProjectTests */,
				3D68B3842294981400216684 /* ImgurProjectUITests */,
				3D68B3632294981200216684 /* Products */,
				4318CC800E93625FE611E1A0 /* Pods */,
				CA1A823B81DD88DD1AB54745 /* Frameworks */,
			);
			sourceTree = "<group>";
		};
		3D68B3632294981200216684 /* Products */ = {
			isa = PBXGroup;
			children = (
				3D68B3622294981200216684 /* ImgurProject.app */,
				3D68B3762294981400216684 /* ImgurProjectTests.xctest */,
				3D68B3812294981400216684 /* ImgurProjectUITests.xctest */,
			);
			name = Products;
			sourceTree = "<group>";
		};
		3D68B3642294981200216684 /* ImgurProject */ = {
			isa = PBXGroup;
			children = (
				3D68B3652294981200216684 /* AppDelegate.swift */,
				3D68B36C2294981400216684 /* Assets.xcassets */,
				3D68B3712294981400216684 /* Info.plist */,
				3D68B36E2294981400216684 /* LaunchScreen.storyboard */,
				3D68B3692294981200216684 /* Main.storyboard */,
				3D68B3AD2296EB6800216684 /* SearchModule */,
				3D68B3A62295CBEF00216684 /* webServices */,
			);
			path = ImgurProject;
			sourceTree = "<group>";
		};
		3D68B3792294981400216684 /* ImgurProjectTests */ = {
			isa = PBXGroup;
			children = (
				3D68B37A2294981400216684 /* ImgurProjectTests.swift */,
				3D68B37C2294981400216684 /* Info.plist */,
			);
			path = ImgurProjectTests;
			sourceTree = "<group>";
		};
		3D68B3842294981400216684 /* ImgurProjectUITests */ = {
			isa = PBXGroup;
			children = (
				3D68B3852294981400216684 /* ImgurProjectUITests.swift */,
				3D68B3872294981400216684 /* Info.plist */,
			);
			path = ImgurProjectUITests;
			sourceTree = "<group>";
		};
		3D68B3952294AAC600216684 /* Entities */ = {
			isa = PBXGroup;
			children = (
				3D68B3AB2295E92000216684 /* Image.swift */,
				3D68B39D2295AE4D00216684 /* Result.swift */,
				3D68B39F2295AEA600216684 /* Imgur.swift */,
			);
			path = Entities;
			sourceTree = "<group>";
		};
		3D68B3A32295C83700216684 /* ViewController */ = {
			isa = PBXGroup;
			children = (
				3D68B3672294981200216684 /* ImgurViewController.swift */,
				3D68B3A42295C85B00216684 /* ImageDetailViewController.swift */,
				3D68B3B92296F35200216684 /* BaseViewController.swift */,
				3D3D35E122984D7100FA1FE4 /* ImgurFactory.swift */,
			);
			path = ViewController;
			sourceTree = "<group>";
		};
		3D68B3A62295CBEF00216684 /* webServices */ = {
			isa = PBXGroup;
			children = (
				3D68B3A72295CC0100216684 /* WebServiceManager.swift */,
			);
			path = webServices;
			sourceTree = "<group>";
		};
		3D68B3AD2296EB6800216684 /* SearchModule */ = {
			isa = PBXGroup;
			children = (
				3D68B3AF2296EBE900216684 /* Interactors */,
				3D68B3952294AAC600216684 /* Entities */,
				3D68B3AE2296EBE700216684 /* Presenter */,
				20F05A2D2295020D0056CDA4 /* Protocols */,
				3D68B3B02296EBF900216684 /* Router */,
				20F05A2A2294FC250056CDA4 /* View */,
			);
			path = SearchModule;
			sourceTree = "<group>";
		};
		3D68B3AE2296EBE700216684 /* Presenter */ = {
			isa = PBXGroup;
			children = (
				3D68B3BB2296F41800216684 /* ImgurPresenter.swift */,
				3DFEDA1C22984F5200DC1F26 /* ImageDetailPresenter.swift */,
			);
			path = Presenter;
			sourceTree = "<group>";
		};
		3D68B3AF2296EBE900216684 /* Interactors */ = {
			isa = PBXGroup;
			children = (
				3D3D35DB2297447800FA1FE4 /* ImgurInteractor.swift */,
			);
			path = Interactors;
			sourceTree = "<group>";
		};
		3D68B3B02296EBF900216684 /* Router */ = {
			isa = PBXGroup;
			children = (
				3D3D35DF2297579300FA1FE4 /* ImgurRouteWireFrame.swift */,
			);
			path = Router;
			sourceTree = "<group>";
		};
		4318CC800E93625FE611E1A0 /* Pods */ = {
			isa = PBXGroup;
			children = (
				7D204839948328E601B2411F /* Pods-ImgurProject.debug.xcconfig */,
				C611EBDA2FC3D17B7AB9C59D /* Pods-ImgurProject.release.xcconfig */,
				F8582476829D84272FB7A3EA /* Pods-ImgurProjectTests.debug.xcconfig */,
				53891E1DECC9214B4BEA3614 /* Pods-ImgurProjectTests.release.xcconfig */,
				1782BA2E946123C95AAB610C /* Pods-ImgurProjectUITests.debug.xcconfig */,
				98153A988981CEB7E413B944 /* Pods-ImgurProjectUITests.release.xcconfig */,
			);
			name = Pods;
			sourceTree = "<group>";
		};
		CA1A823B81DD88DD1AB54745 /* Frameworks */ = {
			isa = PBXGroup;
			children = (
				6AA9B3E403B70CF725CE8017 /* Pods_ImgurProject.framework */,
				9795E9342A7C93DFD99DB54E /* Pods_ImgurProjectTests.framework */,
				EE7939E801CFD1E153C6B2F7 /* Pods_ImgurProjectUITests.framework */,
			);
			name = Frameworks;
			sourceTree = "<group>";
		};
/* End PBXGroup section */

/* Begin PBXNativeTarget section */
		3D68B3612294981200216684 /* ImgurProject */ = {
			isa = PBXNativeTarget;
			buildConfigurationList = 3D68B38A2294981400216684 /* Build configuration list for PBXNativeTarget "ImgurProject" */;
			buildPhases = (
				6C6A06579A56C9807108094E /* [CP] Check Pods Manifest.lock */,
				3D68B35E2294981200216684 /* Sources */,
				3D68B35F2294981200216684 /* Frameworks */,
				3D68B3602294981200216684 /* Resources */,
				CF246E553D734EB8121AA96B /* [CP] Embed Pods Frameworks */,
				964D84206AB98949ABBC1C70 /* [CP] Copy Pods Resources */,
			);
			buildRules = (
			);
			dependencies = (
			);
			name = ImgurProject;
			productName = ImgurProject;
			productReference = 3D68B3622294981200216684 /* ImgurProject.app */;
			productType = "com.apple.product-type.application";
		};
		3D68B3752294981400216684 /* ImgurProjectTests */ = {
			isa = PBXNativeTarget;
			buildConfigurationList = 3D68B38D2294981400216684 /* Build configuration list for PBXNativeTarget "ImgurProjectTests" */;
			buildPhases = (
				D2B7EEA5EF0C4F1850698B51 /* [CP] Check Pods Manifest.lock */,
				3D68B3722294981400216684 /* Sources */,
				3D68B3732294981400216684 /* Frameworks */,
				3D68B3742294981400216684 /* Resources */,
				D1263808B24D0B58BEB3200F /* [CP] Embed Pods Frameworks */,
				0BA07E7C35D00A6327808981 /* [CP] Copy Pods Resources */,
			);
			buildRules = (
			);
			dependencies = (
				3D68B3782294981400216684 /* PBXTargetDependency */,
			);
			name = ImgurProjectTests;
			productName = ImgurProjectTests;
			productReference = 3D68B3762294981400216684 /* ImgurProjectTests.xctest */;
			productType = "com.apple.product-type.bundle.unit-test";
		};
		3D68B3802294981400216684 /* ImgurProjectUITests */ = {
			isa = PBXNativeTarget;
			buildConfigurationList = 3D68B3902294981400216684 /* Build configuration list for PBXNativeTarget "ImgurProjectUITests" */;
			buildPhases = (
				7E345068031185214EFF17BD /* [CP] Check Pods Manifest.lock */,
				3D68B37D2294981400216684 /* Sources */,
				3D68B37E2294981400216684 /* Frameworks */,
				3D68B37F2294981400216684 /* Resources */,
				92B5F29322A5A8A3A7A43816 /* [CP] Embed Pods Frameworks */,
				47AE8FC8F14275C1EDFD907E /* [CP] Copy Pods Resources */,
			);
			buildRules = (
			);
			dependencies = (
				3D68B3832294981400216684 /* PBXTargetDependency */,
			);
			name = ImgurProjectUITests;
			productName = ImgurProjectUITests;
			productReference = 3D68B3812294981400216684 /* ImgurProjectUITests.xctest */;
			productType = "com.apple.product-type.bundle.ui-testing";
		};
/* End PBXNativeTarget section */

/* Begin PBXProject section */
		3D68B35A2294981200216684 /* Project object */ = {
			isa = PBXProject;
			attributes = {
				LastSwiftUpdateCheck = 1010;
				LastUpgradeCheck = 1010;
				ORGANIZATIONNAME = "Jhonnatan Macias";
				TargetAttributes = {
					3D68B3612294981200216684 = {
						CreatedOnToolsVersion = 10.1;
					};
					3D68B3752294981400216684 = {
						CreatedOnToolsVersion = 10.1;
						TestTargetID = 3D68B3612294981200216684;
					};
					3D68B3802294981400216684 = {
						CreatedOnToolsVersion = 10.1;
						TestTargetID = 3D68B3612294981200216684;
					};
				};
			};
			buildConfigurationList = 3D68B35D2294981200216684 /* Build configuration list for PBXProject "ImgurProject" */;
			compatibilityVersion = "Xcode 9.3";
			developmentRegion = en;
			hasScannedForEncodings = 0;
			knownRegions = (
				en,
				Base,
			);
			mainGroup = 3D68B3592294981200216684;
			productRefGroup = 3D68B3632294981200216684 /* Products */;
			projectDirPath = "";
			projectRoot = "";
			targets = (
				3D68B3612294981200216684 /* ImgurProject */,
				3D68B3752294981400216684 /* ImgurProjectTests */,
				3D68B3802294981400216684 /* ImgurProjectUITests */,
			);
		};
/* End PBXProject section */

/* Begin PBXResourcesBuildPhase section */
		3D68B3602294981200216684 /* Resources */ = {
			isa = PBXResourcesBuildPhase;
			buildActionMask = 2147483647;
			files = (
				3D68B3702294981400216684 /* LaunchScreen.storyboard in Resources */,
				3D68B36D2294981400216684 /* Assets.xcassets in Resources */,
				3D68B36B2294981200216684 /* Main.storyboard in Resources */,
			);
			runOnlyForDeploymentPostprocessing = 0;
		};
		3D68B3742294981400216684 /* Resources */ = {
			isa = PBXResourcesBuildPhase;
			buildActionMask = 2147483647;
			files = (
			);
			runOnlyForDeploymentPostprocessing = 0;
		};
		3D68B37F2294981400216684 /* Resources */ = {
			isa = PBXResourcesBuildPhase;
			buildActionMask = 2147483647;
			files = (
			);
			runOnlyForDeploymentPostprocessing = 0;
		};
/* End PBXResourcesBuildPhase section */

/* Begin PBXShellScriptBuildPhase section */
		0BA07E7C35D00A6327808981 /* [CP] Copy Pods Resources */ = {
			isa = PBXShellScriptBuildPhase;
			buildActionMask = 2147483647;
			files = (
			);
			inputFileListPaths = (
			);
			inputPaths = (
			);
			name = "[CP] Copy Pods Resources";
			outputFileListPaths = (
			);
			outputPaths = (
			);
			runOnlyForDeploymentPostprocessing = 0;
			shellPath = /bin/sh;
			shellScript = "\"${SRCROOT}/Pods/Target Support Files/Pods-ImgurProjectTests/Pods-ImgurProjectTests-resources.sh\"\n";
			showEnvVarsInLog = 0;
		};
		47AE8FC8F14275C1EDFD907E /* [CP] Copy Pods Resources */ = {
			isa = PBXShellScriptBuildPhase;
			buildActionMask = 2147483647;
			files = (
			);
			inputFileListPaths = (
			);
			inputPaths = (
			);
			name = "[CP] Copy Pods Resources";
			outputFileListPaths = (
			);
			outputPaths = (
			);
			runOnlyForDeploymentPostprocessing = 0;
			shellPath = /bin/sh;
			shellScript = "\"${SRCROOT}/Pods/Target Support Files/Pods-ImgurProjectUITests/Pods-ImgurProjectUITests-resources.sh\"\n";
			showEnvVarsInLog = 0;
		};
		6C6A06579A56C9807108094E /* [CP] Check Pods Manifest.lock */ = {
			isa = PBXShellScriptBuildPhase;
			buildActionMask = 2147483647;
			files = (
			);
			inputFileListPaths = (
			);
			inputPaths = (
				"${PODS_PODFILE_DIR_PATH}/Podfile.lock",
				"${PODS_ROOT}/Manifest.lock",
			);
			name = "[CP] Check Pods Manifest.lock";
			outputFileListPaths = (
			);
			outputPaths = (
				"$(DERIVED_FILE_DIR)/Pods-ImgurProject-checkManifestLockResult.txt",
			);
			runOnlyForDeploymentPostprocessing = 0;
			shellPath = /bin/sh;
			shellScript = "diff \"${PODS_PODFILE_DIR_PATH}/Podfile.lock\" \"${PODS_ROOT}/Manifest.lock\" > /dev/null\nif [ $? != 0 ] ; then\n    # print error to STDERR\n    echo \"error: The sandbox is not in sync with the Podfile.lock. Run 'pod install' or update your CocoaPods installation.\" >&2\n    exit 1\nfi\n# This output is used by Xcode 'outputs' to avoid re-running this script phase.\necho \"SUCCESS\" > \"${SCRIPT_OUTPUT_FILE_0}\"\n";
			showEnvVarsInLog = 0;
		};
		7E345068031185214EFF17BD /* [CP] Check Pods Manifest.lock */ = {
			isa = PBXShellScriptBuildPhase;
			buildActionMask = 2147483647;
			files = (
			);
			inputFileListPaths = (
			);
			inputPaths = (
				"${PODS_PODFILE_DIR_PATH}/Podfile.lock",
				"${PODS_ROOT}/Manifest.lock",
			);
			name = "[CP] Check Pods Manifest.lock";
			outputFileListPaths = (
			);
			outputPaths = (
				"$(DERIVED_FILE_DIR)/Pods-ImgurProjectUITests-checkManifestLockResult.txt",
			);
			runOnlyForDeploymentPostprocessing = 0;
			shellPath = /bin/sh;
			shellScript = "diff \"${PODS_PODFILE_DIR_PATH}/Podfile.lock\" \"${PODS_ROOT}/Manifest.lock\" > /dev/null\nif [ $? != 0 ] ; then\n    # print error to STDERR\n    echo \"error: The sandbox is not in sync with the Podfile.lock. Run 'pod install' or update your CocoaPods installation.\" >&2\n    exit 1\nfi\n# This output is used by Xcode 'outputs' to avoid re-running this script phase.\necho \"SUCCESS\" > \"${SCRIPT_OUTPUT_FILE_0}\"\n";
			showEnvVarsInLog = 0;
		};
		92B5F29322A5A8A3A7A43816 /* [CP] Embed Pods Frameworks */ = {
			isa = PBXShellScriptBuildPhase;
			buildActionMask = 2147483647;
			files = (
			);
			inputFileListPaths = (
			);
			inputPaths = (
			);
			name = "[CP] Embed Pods Frameworks";
			outputFileListPaths = (
			);
			outputPaths = (
			);
			runOnlyForDeploymentPostprocessing = 0;
			shellPath = /bin/sh;
			shellScript = "\"${SRCROOT}/Pods/Target Support Files/Pods-ImgurProjectUITests/Pods-ImgurProjectUITests-frameworks.sh\"\n";
			showEnvVarsInLog = 0;
		};
		964D84206AB98949ABBC1C70 /* [CP] Copy Pods Resources */ = {
			isa = PBXShellScriptBuildPhase;
			buildActionMask = 2147483647;
			files = (
			);
			inputFileListPaths = (
			);
			inputPaths = (
			);
			name = "[CP] Copy Pods Resources";
			outputFileListPaths = (
			);
			outputPaths = (
			);
			runOnlyForDeploymentPostprocessing = 0;
			shellPath = /bin/sh;
			shellScript = "\"${SRCROOT}/Pods/Target Support Files/Pods-ImgurProject/Pods-ImgurProject-resources.sh\"\n";
			showEnvVarsInLog = 0;
		};
		CF246E553D734EB8121AA96B /* [CP] Embed Pods Frameworks */ = {
			isa = PBXShellScriptBuildPhase;
			buildActionMask = 2147483647;
			files = (
			);
			inputFileListPaths = (
			);
			inputPaths = (
				"${SRCROOT}/Pods/Target Support Files/Pods-ImgurProject/Pods-ImgurProject-frameworks.sh",
				"${BUILT_PRODUCTS_DIR}/Alamofire/Alamofire.framework",
				"${BUILT_PRODUCTS_DIR}/AlamofireImage/AlamofireImage.framework",
			);
			name = "[CP] Embed Pods Frameworks";
			outputFileListPaths = (
			);
			outputPaths = (
				"${TARGET_BUILD_DIR}/${FRAMEWORKS_FOLDER_PATH}/Alamofire.framework",
				"${TARGET_BUILD_DIR}/${FRAMEWORKS_FOLDER_PATH}/AlamofireImage.framework",
			);
			runOnlyForDeploymentPostprocessing = 0;
			shellPath = /bin/sh;
			shellScript = "\"${SRCROOT}/Pods/Target Support Files/Pods-ImgurProject/Pods-ImgurProject-frameworks.sh\"\n";
			showEnvVarsInLog = 0;
		};
		D1263808B24D0B58BEB3200F /* [CP] Embed Pods Frameworks */ = {
			isa = PBXShellScriptBuildPhase;
			buildActionMask = 2147483647;
			files = (
			);
			inputFileListPaths = (
			);
			inputPaths = (
			);
			name = "[CP] Embed Pods Frameworks";
			outputFileListPaths = (
			);
			outputPaths = (
			);
			runOnlyForDeploymentPostprocessing = 0;
			shellPath = /bin/sh;
			shellScript = "\"${SRCROOT}/Pods/Target Support Files/Pods-ImgurProjectTests/Pods-ImgurProjectTests-frameworks.sh\"\n";
			showEnvVarsInLog = 0;
		};
		D2B7EEA5EF0C4F1850698B51 /* [CP] Check Pods Manifest.lock */ = {
			isa = PBXShellScriptBuildPhase;
			buildActionMask = 2147483647;
			files = (
			);
			inputFileListPaths = (
			);
			inputPaths = (
				"${PODS_PODFILE_DIR_PATH}/Podfile.lock",
				"${PODS_ROOT}/Manifest.lock",
			);
			name = "[CP] Check Pods Manifest.lock";
			outputFileListPaths = (
			);
			outputPaths = (
				"$(DERIVED_FILE_DIR)/Pods-ImgurProjectTests-checkManifestLockResult.txt",
			);
			runOnlyForDeploymentPostprocessing = 0;
			shellPath = /bin/sh;
			shellScript = "diff \"${PODS_PODFILE_DIR_PATH}/Podfile.lock\" \"${PODS_ROOT}/Manifest.lock\" > /dev/null\nif [ $? != 0 ] ; then\n    # print error to STDERR\n    echo \"error: The sandbox is not in sync with the Podfile.lock. Run 'pod install' or update your CocoaPods installation.\" >&2\n    exit 1\nfi\n# This output is used by Xcode 'outputs' to avoid re-running this script phase.\necho \"SUCCESS\" > \"${SCRIPT_OUTPUT_FILE_0}\"\n";
			showEnvVarsInLog = 0;
		};
/* End PBXShellScriptBuildPhase section */

/* Begin PBXSourcesBuildPhase section */
		3D68B35E2294981200216684 /* Sources */ = {
			isa = PBXSourcesBuildPhase;
			buildActionMask = 2147483647;
			files = (
				3D68B39E2295AE4D00216684 /* Result.swift in Sources */,
				3DFEDA1F22984FBB00DC1F26 /* ImgurDetailContract.swift in Sources */,
				3D68B3AC2295E92000216684 /* Image.swift in Sources */,
				3D68B3A02295AEA600216684 /* Imgur.swift in Sources */,
				3D68B3682294981200216684 /* ImgurViewController.swift in Sources */,
				3D68B3BC2296F41800216684 /* ImgurPresenter.swift in Sources */,
				3D68B3BA2296F35200216684 /* BaseViewController.swift in Sources */,
				3D68B3942294AA2700216684 /* ImgurCollectionViewCell.swift in Sources */,
				3D3D35DE2297491B00FA1FE4 /* ImgurProtocols.swift in Sources */,
				3D68B3662294981200216684 /* AppDelegate.swift in Sources */,
				20F05A2C2294FC5C0056CDA4 /* ImageLayout.swift in Sources */,
				3D68B3B22296EF2400216684 /* ImgurContract.swift in Sources */,
				3D68B3A82295CC0100216684 /* WebServiceManager.swift in Sources */,
				3D3D35E02297579300FA1FE4 /* ImgurRouteWireFrame.swift in Sources */,
				20F05A2F229502280056CDA4 /* ImageLayoutDelegate.swift in Sources */,
				3DFEDA1D22984F5200DC1F26 /* ImageDetailPresenter.swift in Sources */,
				3D68B3B82296F33100216684 /* BasePresenterProtocol.swift in Sources */,
				3D68B3A52295C85B00216684 /* ImageDetailViewController.swift in Sources */,
				3D3D35DC2297447800FA1FE4 /* ImgurInteractor.swift in Sources */,
				3D3D35E222984D7100FA1FE4 /* ImgurFactory.swift in Sources */,
			);
			runOnlyForDeploymentPostprocessing = 0;
		};
		3D68B3722294981400216684 /* Sources */ = {
			isa = PBXSourcesBuildPhase;
			buildActionMask = 2147483647;
			files = (
				3D68B37B2294981400216684 /* ImgurProjectTests.swift in Sources */,
			);
			runOnlyForDeploymentPostprocessing = 0;
		};
		3D68B37D2294981400216684 /* Sources */ = {
			isa = PBXSourcesBuildPhase;
			buildActionMask = 2147483647;
			files = (
				3D68B3862294981400216684 /* ImgurProjectUITests.swift in Sources */,
			);
			runOnlyForDeploymentPostprocessing = 0;
		};
/* End PBXSourcesBuildPhase section */

/* Begin PBXTargetDependency section */
		3D68B3782294981400216684 /* PBXTargetDependency */ = {
			isa = PBXTargetDependency;
			target = 3D68B3612294981200216684 /* ImgurProject */;
			targetProxy = 3D68B3772294981400216684 /* PBXContainerItemProxy */;
		};
		3D68B3832294981400216684 /* PBXTargetDependency */ = {
			isa = PBXTargetDependency;
			target = 3D68B3612294981200216684 /* ImgurProject */;
			targetProxy = 3D68B3822294981400216684 /* PBXContainerItemProxy */;
		};
/* End PBXTargetDependency section */

/* Begin PBXVariantGroup section */
		3D68B3692294981200216684 /* Main.storyboard */ = {
			isa = PBXVariantGroup;
			children = (
				3D68B36A2294981200216684 /* Base */,
			);
			name = Main.storyboard;
			sourceTree = "<group>";
		};
		3D68B36E2294981400216684 /* LaunchScreen.storyboard */ = {
			isa = PBXVariantGroup;
			children = (
				3D68B36F2294981400216684 /* Base */,
			);
			name = LaunchScreen.storyboard;
			sourceTree = "<group>";
		};
/* End PBXVariantGroup section */

/* Begin XCBuildConfiguration section */
		3D68B3882294981400216684 /* Debug */ = {
			isa = XCBuildConfiguration;
			buildSettings = {
				ALWAYS_SEARCH_USER_PATHS = NO;
				CLANG_ANALYZER_NONNULL = YES;
				CLANG_ANALYZER_NUMBER_OBJECT_CONVERSION = YES_AGGRESSIVE;
				CLANG_CXX_LANGUAGE_STANDARD = "gnu++14";
				CLANG_CXX_LIBRARY = "libc++";
				CLANG_ENABLE_MODULES = YES;
				CLANG_ENABLE_OBJC_ARC = YES;
				CLANG_ENABLE_OBJC_WEAK = YES;
				CLANG_WARN_BLOCK_CAPTURE_AUTORELEASING = YES;
				CLANG_WARN_BOOL_CONVERSION = YES;
				CLANG_WARN_COMMA = YES;
				CLANG_WARN_CONSTANT_CONVERSION = YES;
				CLANG_WARN_DEPRECATED_OBJC_IMPLEMENTATIONS = YES;
				CLANG_WARN_DIRECT_OBJC_ISA_USAGE = YES_ERROR;
				CLANG_WARN_DOCUMENTATION_COMMENTS = YES;
				CLANG_WARN_EMPTY_BODY = YES;
				CLANG_WARN_ENUM_CONVERSION = YES;
				CLANG_WARN_INFINITE_RECURSION = YES;
				CLANG_WARN_INT_CONVERSION = YES;
				CLANG_WARN_NON_LITERAL_NULL_CONVERSION = YES;
				CLANG_WARN_OBJC_IMPLICIT_RETAIN_SELF = YES;
				CLANG_WARN_OBJC_LITERAL_CONVERSION = YES;
				CLANG_WARN_OBJC_ROOT_CLASS = YES_ERROR;
				CLANG_WARN_RANGE_LOOP_ANALYSIS = YES;
				CLANG_WARN_STRICT_PROTOTYPES = YES;
				CLANG_WARN_SUSPICIOUS_MOVE = YES;
				CLANG_WARN_UNGUARDED_AVAILABILITY = YES_AGGRESSIVE;
				CLANG_WARN_UNREACHABLE_CODE = YES;
				CLANG_WARN__DUPLICATE_METHOD_MATCH = YES;
				CODE_SIGN_IDENTITY = "iPhone Developer";
				COPY_PHASE_STRIP = NO;
				DEBUG_INFORMATION_FORMAT = dwarf;
				ENABLE_STRICT_OBJC_MSGSEND = YES;
				ENABLE_TESTABILITY = YES;
				GCC_C_LANGUAGE_STANDARD = gnu11;
				GCC_DYNAMIC_NO_PIC = NO;
				GCC_NO_COMMON_BLOCKS = YES;
				GCC_OPTIMIZATION_LEVEL = 0;
				GCC_PREPROCESSOR_DEFINITIONS = (
					"DEBUG=1",
					"$(inherited)",
				);
				GCC_WARN_64_TO_32_BIT_CONVERSION = YES;
				GCC_WARN_ABOUT_RETURN_TYPE = YES_ERROR;
				GCC_WARN_UNDECLARED_SELECTOR = YES;
				GCC_WARN_UNINITIALIZED_AUTOS = YES_AGGRESSIVE;
				GCC_WARN_UNUSED_FUNCTION = YES;
				GCC_WARN_UNUSED_VARIABLE = YES;
				IPHONEOS_DEPLOYMENT_TARGET = 12.1;
				MTL_ENABLE_DEBUG_INFO = INCLUDE_SOURCE;
				MTL_FAST_MATH = YES;
				ONLY_ACTIVE_ARCH = YES;
				SDKROOT = iphoneos;
				SWIFT_ACTIVE_COMPILATION_CONDITIONS = DEBUG;
				SWIFT_OPTIMIZATION_LEVEL = "-Onone";
			};
			name = Debug;
		};
		3D68B3892294981400216684 /* Release */ = {
			isa = XCBuildConfiguration;
			buildSettings = {
				ALWAYS_SEARCH_USER_PATHS = NO;
				CLANG_ANALYZER_NONNULL = YES;
				CLANG_ANALYZER_NUMBER_OBJECT_CONVERSION = YES_AGGRESSIVE;
				CLANG_CXX_LANGUAGE_STANDARD = "gnu++14";
				CLANG_CXX_LIBRARY = "libc++";
				CLANG_ENABLE_MODULES = YES;
				CLANG_ENABLE_OBJC_ARC = YES;
				CLANG_ENABLE_OBJC_WEAK = YES;
				CLANG_WARN_BLOCK_CAPTURE_AUTORELEASING = YES;
				CLANG_WARN_BOOL_CONVERSION = YES;
				CLANG_WARN_COMMA = YES;
				CLANG_WARN_CONSTANT_CONVERSION = YES;
				CLANG_WARN_DEPRECATED_OBJC_IMPLEMENTATIONS = YES;
				CLANG_WARN_DIRECT_OBJC_ISA_USAGE = YES_ERROR;
				CLANG_WARN_DOCUMENTATION_COMMENTS = YES;
				CLANG_WARN_EMPTY_BODY = YES;
				CLANG_WARN_ENUM_CONVERSION = YES;
				CLANG_WARN_INFINITE_RECURSION = YES;
				CLANG_WARN_INT_CONVERSION = YES;
				CLANG_WARN_NON_LITERAL_NULL_CONVERSION = YES;
				CLANG_WARN_OBJC_IMPLICIT_RETAIN_SELF = YES;
				CLANG_WARN_OBJC_LITERAL_CONVERSION = YES;
				CLANG_WARN_OBJC_ROOT_CLASS = YES_ERROR;
				CLANG_WARN_RANGE_LOOP_ANALYSIS = YES;
				CLANG_WARN_STRICT_PROTOTYPES = YES;
				CLANG_WARN_SUSPICIOUS_MOVE = YES;
				CLANG_WARN_UNGUARDED_AVAILABILITY = YES_AGGRESSIVE;
				CLANG_WARN_UNREACHABLE_CODE = YES;
				CLANG_WARN__DUPLICATE_METHOD_MATCH = YES;
				CODE_SIGN_IDENTITY = "iPhone Developer";
				COPY_PHASE_STRIP = NO;
				DEBUG_INFORMATION_FORMAT = "dwarf-with-dsym";
				ENABLE_NS_ASSERTIONS = NO;
				ENABLE_STRICT_OBJC_MSGSEND = YES;
				GCC_C_LANGUAGE_STANDARD = gnu11;
				GCC_NO_COMMON_BLOCKS = YES;
				GCC_WARN_64_TO_32_BIT_CONVERSION = YES;
				GCC_WARN_ABOUT_RETURN_TYPE = YES_ERROR;
				GCC_WARN_UNDECLARED_SELECTOR = YES;
				GCC_WARN_UNINITIALIZED_AUTOS = YES_AGGRESSIVE;
				GCC_WARN_UNUSED_FUNCTION = YES;
				GCC_WARN_UNUSED_VARIABLE = YES;
				IPHONEOS_DEPLOYMENT_TARGET = 12.1;
				MTL_ENABLE_DEBUG_INFO = NO;
				MTL_FAST_MATH = YES;
				SDKROOT = iphoneos;
				SWIFT_COMPILATION_MODE = wholemodule;
				SWIFT_OPTIMIZATION_LEVEL = "-O";
				VALIDATE_PRODUCT = YES;
			};
			name = Release;
		};
		3D68B38B2294981400216684 /* Debug */ = {
			isa = XCBuildConfiguration;
			baseConfigurationReference = 7D204839948328E601B2411F /* Pods-ImgurProject.debug.xcconfig */;
			buildSettings = {
				ASSETCATALOG_COMPILER_APPICON_NAME = AppIcon;
				CODE_SIGN_STYLE = Automatic;
				DEVELOPMENT_TEAM = 7FQ27H36VW;
				INFOPLIST_FILE = ImgurProject/Info.plist;
				LD_RUNPATH_SEARCH_PATHS = (
					"$(inherited)",
					"@executable_path/Frameworks",
				);
				PRODUCT_BUNDLE_IDENTIFIER = globant.study.com.ImgurProject;
				PRODUCT_NAME = "$(TARGET_NAME)";
				SWIFT_VERSION = 4.2;
				TARGETED_DEVICE_FAMILY = 1;
			};
			name = Debug;
		};
		3D68B38C2294981400216684 /* Release */ = {
			isa = XCBuildConfiguration;
			baseConfigurationReference = C611EBDA2FC3D17B7AB9C59D /* Pods-ImgurProject.release.xcconfig */;
			buildSettings = {
				ASSETCATALOG_COMPILER_APPICON_NAME = AppIcon;
				CODE_SIGN_STYLE = Automatic;
				DEVELOPMENT_TEAM = 7FQ27H36VW;
				INFOPLIST_FILE = ImgurProject/Info.plist;
				LD_RUNPATH_SEARCH_PATHS = (
					"$(inherited)",
					"@executable_path/Frameworks",
				);
				PRODUCT_BUNDLE_IDENTIFIER = globant.study.com.ImgurProject;
				PRODUCT_NAME = "$(TARGET_NAME)";
				SWIFT_VERSION = 4.2;
				TARGETED_DEVICE_FAMILY = 1;
			};
			name = Release;
		};
		3D68B38E2294981400216684 /* Debug */ = {
			isa = XCBuildConfiguration;
			baseConfigurationReference = F8582476829D84272FB7A3EA /* Pods-ImgurProjectTests.debug.xcconfig */;
			buildSettings = {
				ALWAYS_EMBED_SWIFT_STANDARD_LIBRARIES = YES;
				BUNDLE_LOADER = "$(TEST_HOST)";
				CODE_SIGN_STYLE = Automatic;
				DEVELOPMENT_TEAM = 7FQ27H36VW;
				INFOPLIST_FILE = ImgurProjectTests/Info.plist;
				LD_RUNPATH_SEARCH_PATHS = (
					"$(inherited)",
					"@executable_path/Frameworks",
					"@loader_path/Frameworks",
				);
				PRODUCT_BUNDLE_IDENTIFIER = globant.study.com.ImgurProjectTests;
				PRODUCT_NAME = "$(TARGET_NAME)";
				SWIFT_VERSION = 4.2;
				TARGETED_DEVICE_FAMILY = "1,2";
				TEST_HOST = "$(BUILT_PRODUCTS_DIR)/ImgurProject.app/ImgurProject";
			};
			name = Debug;
		};
		3D68B38F2294981400216684 /* Release */ = {
			isa = XCBuildConfiguration;
			baseConfigurationReference = 53891E1DECC9214B4BEA3614 /* Pods-ImgurProjectTests.release.xcconfig */;
			buildSettings = {
				ALWAYS_EMBED_SWIFT_STANDARD_LIBRARIES = YES;
				BUNDLE_LOADER = "$(TEST_HOST)";
				CODE_SIGN_STYLE = Automatic;
				DEVELOPMENT_TEAM = 7FQ27H36VW;
				INFOPLIST_FILE = ImgurProjectTests/Info.plist;
				LD_RUNPATH_SEARCH_PATHS = (
					"$(inherited)",
					"@executable_path/Frameworks",
					"@loader_path/Frameworks",
				);
				PRODUCT_BUNDLE_IDENTIFIER = globant.study.com.ImgurProjectTests;
				PRODUCT_NAME = "$(TARGET_NAME)";
				SWIFT_VERSION = 4.2;
				TARGETED_DEVICE_FAMILY = "1,2";
				TEST_HOST = "$(BUILT_PRODUCTS_DIR)/ImgurProject.app/ImgurProject";
			};
			name = Release;
		};
		3D68B3912294981400216684 /* Debug */ = {
			isa = XCBuildConfiguration;
			baseConfigurationReference = 1782BA2E946123C95AAB610C /* Pods-ImgurProjectUITests.debug.xcconfig */;
			buildSettings = {
				ALWAYS_EMBED_SWIFT_STANDARD_LIBRARIES = YES;
				CODE_SIGN_STYLE = Automatic;
				DEVELOPMENT_TEAM = 7FQ27H36VW;
				INFOPLIST_FILE = ImgurProjectUITests/Info.plist;
				LD_RUNPATH_SEARCH_PATHS = (
					"$(inherited)",
					"@executable_path/Frameworks",
					"@loader_path/Frameworks",
				);
				PRODUCT_BUNDLE_IDENTIFIER = globant.study.com.ImgurProjectUITests;
				PRODUCT_NAME = "$(TARGET_NAME)";
				SWIFT_VERSION = 4.2;
				TARGETED_DEVICE_FAMILY = "1,2";
				TEST_TARGET_NAME = ImgurProject;
			};
			name = Debug;
		};
		3D68B3922294981400216684 /* Release */ = {
			isa = XCBuildConfiguration;
			baseConfigurationReference = 98153A988981CEB7E413B944 /* Pods-ImgurProjectUITests.release.xcconfig */;
			buildSettings = {
				ALWAYS_EMBED_SWIFT_STANDARD_LIBRARIES = YES;
				CODE_SIGN_STYLE = Automatic;
				DEVELOPMENT_TEAM = 7FQ27H36VW;
				INFOPLIST_FILE = ImgurProjectUITests/Info.plist;
				LD_RUNPATH_SEARCH_PATHS = (
					"$(inherited)",
					"@executable_path/Frameworks",
					"@loader_path/Frameworks",
				);
				PRODUCT_BUNDLE_IDENTIFIER = globant.study.com.ImgurProjectUITests;
				PRODUCT_NAME = "$(TARGET_NAME)";
				SWIFT_VERSION = 4.2;
				TARGETED_DEVICE_FAMILY = "1,2";
				TEST_TARGET_NAME = ImgurProject;
			};
			name = Release;
		};
/* End XCBuildConfiguration section */

/* Begin XCConfigurationList section */
		3D68B35D2294981200216684 /* Build configuration list for PBXProject "ImgurProject" */ = {
			isa = XCConfigurationList;
			buildConfigurations = (
				3D68B3882294981400216684 /* Debug */,
				3D68B3892294981400216684 /* Release */,
			);
			defaultConfigurationIsVisible = 0;
			defaultConfigurationName = Release;
		};
		3D68B38A2294981400216684 /* Build configuration list for PBXNativeTarget "ImgurProject" */ = {
			isa = XCConfigurationList;
			buildConfigurations = (
				3D68B38B2294981400216684 /* Debug */,
				3D68B38C2294981400216684 /* Release */,
			);
			defaultConfigurationIsVisible = 0;
			defaultConfigurationName = Release;
		};
		3D68B38D2294981400216684 /* Build configuration list for PBXNativeTarget "ImgurProjectTests" */ = {
			isa = XCConfigurationList;
			buildConfigurations = (
				3D68B38E2294981400216684 /* Debug */,
				3D68B38F2294981400216684 /* Release */,
			);
			defaultConfigurationIsVisible = 0;
			defaultConfigurationName = Release;
		};
		3D68B3902294981400216684 /* Build configuration list for PBXNativeTarget "ImgurProjectUITests" */ = {
			isa = XCConfigurationList;
			buildConfigurations = (
				3D68B3912294981400216684 /* Debug */,
				3D68B3922294981400216684 /* Release */,
			);
			defaultConfigurationIsVisible = 0;
			defaultConfigurationName = Release;
		};
/* End XCConfigurationList section */
	};
	rootObject = 3D68B35A2294981200216684 /* Project object */;
}
